// !$*UTF8*$!
{
	archiveVersion = 1;
	classes = {
	};
	objectVersion = 56;
	objects = {

/* Begin PBXBuildFile section */
		17AA50E92B8E56CE000B9983 /* AppDelegate.swift in Sources */ = {isa = PBXBuildFile; fileRef = 17AA50E82B8E56CE000B9983 /* AppDelegate.swift */; };
		17AA50EB2B8E56CE000B9983 /* SceneDelegate.swift in Sources */ = {isa = PBXBuildFile; fileRef = 17AA50EA2B8E56CE000B9983 /* SceneDelegate.swift */; };
		17AA50EF2B8E56CF000B9983 /* Assets.xcassets in Resources */ = {isa = PBXBuildFile; fileRef = 17AA50EE2B8E56CF000B9983 /* Assets.xcassets */; };
		17AA50F22B8E56CF000B9983 /* LaunchScreen.storyboard in Resources */ = {isa = PBXBuildFile; fileRef = 17AA50F02B8E56CF000B9983 /* LaunchScreen.storyboard */; };
		17AA50FA2B8E5833000B9983 /* MainViewController.swift in Sources */ = {isa = PBXBuildFile; fileRef = 17AA50F92B8E5833000B9983 /* MainViewController.swift */; };
		17AA50FC2B8E5AF7000B9983 /* ProfileViewController.swift in Sources */ = {isa = PBXBuildFile; fileRef = 17AA50FB2B8E5AF7000B9983 /* ProfileViewController.swift */; };
		17AA50FE2B8E5BA5000B9983 /* UIView+Extensions.swift in Sources */ = {isa = PBXBuildFile; fileRef = 17AA50FD2B8E5BA5000B9983 /* UIView+Extensions.swift */; };
		17AA51002B8E5BBC000B9983 /* BaseViewController.swift in Sources */ = {isa = PBXBuildFile; fileRef = 17AA50FF2B8E5BBC000B9983 /* BaseViewController.swift */; };
		17AA51022B8E639A000B9983 /* SettingsViewController.swift in Sources */ = {isa = PBXBuildFile; fileRef = 17AA51012B8E639A000B9983 /* SettingsViewController.swift */; };
		17AA51042B8FB87A000B9983 /* ProfileImagePresentAnimation.swift in Sources */ = {isa = PBXBuildFile; fileRef = 17AA51032B8FB87A000B9983 /* ProfileImagePresentAnimation.swift */; };
		17AA51062B8FD595000B9983 /* ProfileImageView.swift in Sources */ = {isa = PBXBuildFile; fileRef = 17AA51052B8FD595000B9983 /* ProfileImageView.swift */; };
		17AA51082B8FD929000B9983 /* ProfileDetailViewController.swift in Sources */ = {isa = PBXBuildFile; fileRef = 17AA51072B8FD929000B9983 /* ProfileDetailViewController.swift */; };
		17AA510A2B96192C000B9983 /* ProfileImageDismissAnimation.swift in Sources */ = {isa = PBXBuildFile; fileRef = 17AA51092B96192C000B9983 /* ProfileImageDismissAnimation.swift */; };
/* End PBXBuildFile section */

/* Begin PBXFileReference section */
		17AA50E52B8E56CE000B9983 /* BottomDrawer.app */ = {isa = PBXFileReference; explicitFileType = wrapper.application; includeInIndex = 0; path = BottomDrawer.app; sourceTree = BUILT_PRODUCTS_DIR; };
		17AA50E82B8E56CE000B9983 /* AppDelegate.swift */ = {isa = PBXFileReference; lastKnownFileType = sourcecode.swift; path = AppDelegate.swift; sourceTree = "<group>"; };
		17AA50EA2B8E56CE000B9983 /* SceneDelegate.swift */ = {isa = PBXFileReference; lastKnownFileType = sourcecode.swift; path = SceneDelegate.swift; sourceTree = "<group>"; };
		17AA50EE2B8E56CF000B9983 /* Assets.xcassets */ = {isa = PBXFileReference; lastKnownFileType = folder.assetcatalog; path = Assets.xcassets; sourceTree = "<group>"; };
		17AA50F12B8E56CF000B9983 /* Base */ = {isa = PBXFileReference; lastKnownFileType = file.storyboard; name = Base; path = Base.lproj/LaunchScreen.storyboard; sourceTree = "<group>"; };
		17AA50F32B8E56CF000B9983 /* Info.plist */ = {isa = PBXFileReference; lastKnownFileType = text.plist.xml; path = Info.plist; sourceTree = "<group>"; };
		17AA50F92B8E5833000B9983 /* MainViewController.swift */ = {isa = PBXFileReference; lastKnownFileType = sourcecode.swift; path = MainViewController.swift; sourceTree = "<group>"; };
		17AA50FB2B8E5AF7000B9983 /* ProfileViewController.swift */ = {isa = PBXFileReference; lastKnownFileType = sourcecode.swift; path = ProfileViewController.swift; sourceTree = "<group>"; };
		17AA50FD2B8E5BA5000B9983 /* UIView+Extensions.swift */ = {isa = PBXFileReference; fileEncoding = 4; lastKnownFileType = sourcecode.swift; path = "UIView+Extensions.swift"; sourceTree = "<group>"; };
		17AA50FF2B8E5BBC000B9983 /* BaseViewController.swift */ = {isa = PBXFileReference; fileEncoding = 4; lastKnownFileType = sourcecode.swift; path = BaseViewController.swift; sourceTree = "<group>"; };
		17AA51012B8E639A000B9983 /* SettingsViewController.swift */ = {isa = PBXFileReference; lastKnownFileType = sourcecode.swift; path = SettingsViewController.swift; sourceTree = "<group>"; };
		17AA51032B8FB87A000B9983 /* ProfileImagePresentAnimation.swift */ = {isa = PBXFileReference; lastKnownFileType = sourcecode.swift; path = ProfileImagePresentAnimation.swift; sourceTree = "<group>"; };
		17AA51052B8FD595000B9983 /* ProfileImageView.swift */ = {isa = PBXFileReference; lastKnownFileType = sourcecode.swift; path = ProfileImageView.swift; sourceTree = "<group>"; };
		17AA51072B8FD929000B9983 /* ProfileDetailViewController.swift */ = {isa = PBXFileReference; lastKnownFileType = sourcecode.swift; path = ProfileDetailViewController.swift; sourceTree = "<group>"; };
		17AA51092B96192C000B9983 /* ProfileImageDismissAnimation.swift */ = {isa = PBXFileReference; lastKnownFileType = sourcecode.swift; path = ProfileImageDismissAnimation.swift; sourceTree = "<group>"; };
/* End PBXFileReference section */

/* Begin PBXFrameworksBuildPhase section */
		17AA50E22B8E56CE000B9983 /* Frameworks */ = {
			isa = PBXFrameworksBuildPhase;
			buildActionMask = 2147483647;
			files = (
			);
			runOnlyForDeploymentPostprocessing = 0;
		};
/* End PBXFrameworksBuildPhase section */

/* Begin PBXGroup section */
		17AA50DC2B8E56CE000B9983 = {
			isa = PBXGroup;
			children = (
				17AA50E72B8E56CE000B9983 /* BottomDrawer */,
				17AA50E62B8E56CE000B9983 /* Products */,
			);
			sourceTree = "<group>";
		};
		17AA50E62B8E56CE000B9983 /* Products */ = {
			isa = PBXGroup;
			children = (
				17AA50E52B8E56CE000B9983 /* BottomDrawer.app */,
			);
			name = Products;
			sourceTree = "<group>";
		};
		17AA50E72B8E56CE000B9983 /* BottomDrawer */ = {
			isa = PBXGroup;
			children = (
				17AA50FD2B8E5BA5000B9983 /* UIView+Extensions.swift */,
				17AA50FF2B8E5BBC000B9983 /* BaseViewController.swift */,
				17AA50E82B8E56CE000B9983 /* AppDelegate.swift */,
				17AA50EA2B8E56CE000B9983 /* SceneDelegate.swift */,
				17AA50F92B8E5833000B9983 /* MainViewController.swift */,
				17AA50FB2B8E5AF7000B9983 /* ProfileViewController.swift */,
				17AA51072B8FD929000B9983 /* ProfileDetailViewController.swift */,
				17AA51032B8FB87A000B9983 /* ProfileImagePresentAnimation.swift */,
				17AA51092B96192C000B9983 /* ProfileImageDismissAnimation.swift */,
				17AA51052B8FD595000B9983 /* ProfileImageView.swift */,
				17AA51012B8E639A000B9983 /* SettingsViewController.swift */,
				17AA50EE2B8E56CF000B9983 /* Assets.xcassets */,
				17AA50F02B8E56CF000B9983 /* LaunchScreen.storyboard */,
				17AA50F32B8E56CF000B9983 /* Info.plist */,
			);
			path = BottomDrawer;
			sourceTree = "<group>";
		};
/* End PBXGroup section */

/* Begin PBXNativeTarget section */
		17AA50E42B8E56CE000B9983 /* BottomDrawer */ = {
			isa = PBXNativeTarget;
			buildConfigurationList = 17AA50F62B8E56CF000B9983 /* Build configuration list for PBXNativeTarget "BottomDrawer" */;
			buildPhases = (
				17AA50E12B8E56CE000B9983 /* Sources */,
				17AA50E22B8E56CE000B9983 /* Frameworks */,
				17AA50E32B8E56CE000B9983 /* Resources */,
			);
			buildRules = (
			);
			dependencies = (
			);
			name = BottomDrawer;
			productName = BottomDrawer;
			productReference = 17AA50E52B8E56CE000B9983 /* BottomDrawer.app */;
			productType = "com.apple.product-type.application";
		};
/* End PBXNativeTarget section */

/* Begin PBXProject section */
		17AA50DD2B8E56CE000B9983 /* Project object */ = {
			isa = PBXProject;
			attributes = {
				BuildIndependentTargetsInParallel = 1;
				LastSwiftUpdateCheck = 1520;
				LastUpgradeCheck = 1520;
				TargetAttributes = {
					17AA50E42B8E56CE000B9983 = {
						CreatedOnToolsVersion = 15.2;
					};
				};
			};
			buildConfigurationList = 17AA50E02B8E56CE000B9983 /* Build configuration list for PBXProject "BottomDrawer" */;
			compatibilityVersion = "Xcode 14.0";
			developmentRegion = en;
			hasScannedForEncodings = 0;
			knownRegions = (
				en,
				Base,
			);
			mainGroup = 17AA50DC2B8E56CE000B9983;
			productRefGroup = 17AA50E62B8E56CE000B9983 /* Products */;
			projectDirPath = "";
			projectRoot = "";
			targets = (
				17AA50E42B8E56CE000B9983 /* BottomDrawer */,
			);
		};
/* End PBXProject section */

/* Begin PBXResourcesBuildPhase section */
		17AA50E32B8E56CE000B9983 /* Resources */ = {
			isa = PBXResourcesBuildPhase;
			buildActionMask = 2147483647;
			files = (
				17AA50EF2B8E56CF000B9983 /* Assets.xcassets in Resources */,
				17AA50F22B8E56CF000B9983 /* LaunchScreen.storyboard in Resources */,
			);
			runOnlyForDeploymentPostprocessing = 0;
		};
/* End PBXResourcesBuildPhase section */

/* Begin PBXSourcesBuildPhase section */
		17AA50E12B8E56CE000B9983 /* Sources */ = {
			isa = PBXSourcesBuildPhase;
			buildActionMask = 2147483647;
			files = (
				17AA50FA2B8E5833000B9983 /* MainViewController.swift in Sources */,
				17AA50E92B8E56CE000B9983 /* AppDelegate.swift in Sources */,
				17AA51042B8FB87A000B9983 /* ProfileImagePresentAnimation.swift in Sources */,
				17AA51022B8E639A000B9983 /* SettingsViewController.swift in Sources */,
				17AA50FE2B8E5BA5000B9983 /* UIView+Extensions.swift in Sources */,
				17AA51082B8FD929000B9983 /* ProfileDetailViewController.swift in Sources */,
				17AA50FC2B8E5AF7000B9983 /* ProfileViewController.swift in Sources */,
				17AA51062B8FD595000B9983 /* ProfileImageView.swift in Sources */,
				17AA510A2B96192C000B9983 /* ProfileImageDismissAnimation.swift in Sources */,
				17AA50EB2B8E56CE000B9983 /* SceneDelegate.swift in Sources */,
				17AA51002B8E5BBC000B9983 /* BaseViewController.swift in Sources */,
			);
			runOnlyForDeploymentPostprocessing = 0;
		};
/* End PBXSourcesBuildPhase section */

/* Begin PBXVariantGroup section */
		17AA50F02B8E56CF000B9983 /* LaunchScreen.storyboard */ = {
			isa = PBXVariantGroup;
			children = (
				17AA50F12B8E56CF000B9983 /* Base */,
			);
			name = LaunchScreen.storyboard;
			sourceTree = "<group>";
		};
/* End PBXVariantGroup section */

/* Begin XCBuildConfiguration section */
		17AA50F42B8E56CF000B9983 /* Debug */ = {
			isa = XCBuildConfiguration;
			buildSettings = {
				ALWAYS_SEARCH_USER_PATHS = NO;
				ASSETCATALOG_COMPILER_GENERATE_SWIFT_ASSET_SYMBOL_EXTENSIONS = YES;
				CLANG_ANALYZER_NONNULL = YES;
				CLANG_ANALYZER_NUMBER_OBJECT_CONVERSION = YES_AGGRESSIVE;
				CLANG_CXX_LANGUAGE_STANDARD = "gnu++20";
				CLANG_ENABLE_MODULES = YES;
				CLANG_ENABLE_OBJC_ARC = YES;
				CLANG_ENABLE_OBJC_WEAK = YES;
				CLANG_WARN_BLOCK_CAPTURE_AUTORELEASING = YES;
				CLANG_WARN_BOOL_CONVERSION = YES;
				CLANG_WARN_COMMA = YES;
				CLANG_WARN_CONSTANT_CONVERSION = YES;
				CLANG_WARN_DEPRECATED_OBJC_IMPLEMENTATIONS = YES;
				CLANG_WARN_DIRECT_OBJC_ISA_USAGE = YES_ERROR;
				CLANG_WARN_DOCUMENTATION_COMMENTS = YES;
				CLANG_WARN_EMPTY_BODY = YES;
				CLANG_WARN_ENUM_CONVERSION = YES;
				CLANG_WARN_INFINITE_RECURSION = YES;
				CLANG_WARN_INT_CONVERSION = YES;
				CLANG_WARN_NON_LITERAL_NULL_CONVERSION = YES;
				CLANG_WARN_OBJC_IMPLICIT_RETAIN_SELF = YES;
				CLANG_WARN_OBJC_LITERAL_CONVERSION = YES;
				CLANG_WARN_OBJC_ROOT_CLASS = YES_ERROR;
				CLANG_WARN_QUOTED_INCLUDE_IN_FRAMEWORK_HEADER = YES;
				CLANG_WARN_RANGE_LOOP_ANALYSIS = YES;
				CLANG_WARN_STRICT_PROTOTYPES = YES;
				CLANG_WARN_SUSPICIOUS_MOVE = YES;
				CLANG_WARN_UNGUARDED_AVAILABILITY = YES_AGGRESSIVE;
				CLANG_WARN_UNREACHABLE_CODE = YES;
				CLANG_WARN__DUPLICATE_METHOD_MATCH = YES;
				COPY_PHASE_STRIP = NO;
				DEBUG_INFORMATION_FORMAT = dwarf;
				ENABLE_STRICT_OBJC_MSGSEND = YES;
				ENABLE_TESTABILITY = YES;
				ENABLE_USER_SCRIPT_SANDBOXING = YES;
				GCC_C_LANGUAGE_STANDARD = gnu17;
				GCC_DYNAMIC_NO_PIC = NO;
				GCC_NO_COMMON_BLOCKS = YES;
				GCC_OPTIMIZATION_LEVEL = 0;
				GCC_PREPROCESSOR_DEFINITIONS = (
					"DEBUG=1",
					"$(inherited)",
				);
				GCC_WARN_64_TO_32_BIT_CONVERSION = YES;
				GCC_WARN_ABOUT_RETURN_TYPE = YES_ERROR;
				GCC_WARN_UNDECLARED_SELECTOR = YES;
				GCC_WARN_UNINITIALIZED_AUTOS = YES_AGGRESSIVE;
				GCC_WARN_UNUSED_FUNCTION = YES;
				GCC_WARN_UNUSED_VARIABLE = YES;
				IPHONEOS_DEPLOYMENT_TARGET = 17.2;
				LOCALIZATION_PREFERS_STRING_CATALOGS = YES;
				MTL_ENABLE_DEBUG_INFO = INCLUDE_SOURCE;
				MTL_FAST_MATH = YES;
				ONLY_ACTIVE_ARCH = YES;
				SDKROOT = iphoneos;
				SWIFT_ACTIVE_COMPILATION_CONDITIONS = "DEBUG $(inherited)";
				SWIFT_OPTIMIZATION_LEVEL = "-Onone";
			};
			name = Debug;
		};
		17AA50F52B8E56CF000B9983 /* Release */ = {
			isa = XCBuildConfiguration;
			buildSettings = {
				ALWAYS_SEARCH_USER_PATHS = NO;
				ASSETCATALOG_COMPILER_GENERATE_SWIFT_ASSET_SYMBOL_EXTENSIONS = YES;
				CLANG_ANALYZER_NONNULL = YES;
				CLANG_ANALYZER_NUMBER_OBJECT_CONVERSION = YES_AGGRESSIVE;
				CLANG_CXX_LANGUAGE_STANDARD = "gnu++20";
				CLANG_ENABLE_MODULES = YES;
				CLANG_ENABLE_OBJC_ARC = YES;
				CLANG_ENABLE_OBJC_WEAK = YES;
				CLANG_WARN_BLOCK_CAPTURE_AUTORELEASING = YES;
				CLANG_WARN_BOOL_CONVERSION = YES;
				CLANG_WARN_COMMA = YES;
				CLANG_WARN_CONSTANT_CONVERSION = YES;
				CLANG_WARN_DEPRECATED_OBJC_IMPLEMENTATIONS = YES;
				CLANG_WARN_DIRECT_OBJC_ISA_USAGE = YES_ERROR;
				CLANG_WARN_DOCUMENTATION_COMMENTS = YES;
				CLANG_WARN_EMPTY_BODY = YES;
				CLANG_WARN_ENUM_CONVERSION = YES;
				CLANG_WARN_INFINITE_RECURSION = YES;
				CLANG_WARN_INT_CONVERSION = YES;
				CLANG_WARN_NON_LITERAL_NULL_CONVERSION = YES;
				CLANG_WARN_OBJC_IMPLICIT_RETAIN_SELF = YES;
				CLANG_WARN_OBJC_LITERAL_CONVERSION = YES;
				CLANG_WARN_OBJC_ROOT_CLASS = YES_ERROR;
				CLANG_WARN_QUOTED_INCLUDE_IN_FRAMEWORK_HEADER = YES;
				CLANG_WARN_RANGE_LOOP_ANALYSIS = YES;
				CLANG_WARN_STRICT_PROTOTYPES = YES;
				CLANG_WARN_SUSPICIOUS_MOVE = YES;
				CLANG_WARN_UNGUARDED_AVAILABILITY = YES_AGGRESSIVE;
				CLANG_WARN_UNREACHABLE_CODE = YES;
				CLANG_WARN__DUPLICATE_METHOD_MATCH = YES;
				COPY_PHASE_STRIP = NO;
				DEBUG_INFORMATION_FORMAT = "dwarf-with-dsym";
				ENABLE_NS_ASSERTIONS = NO;
				ENABLE_STRICT_OBJC_MSGSEND = YES;
				ENABLE_USER_SCRIPT_SANDBOXING = YES;
				GCC_C_LANGUAGE_STANDARD = gnu17;
				GCC_NO_COMMON_BLOCKS = YES;
				GCC_WARN_64_TO_32_BIT_CONVERSION = YES;
				GCC_WARN_ABOUT_RETURN_TYPE = YES_ERROR;
				GCC_WARN_UNDECLARED_SELECTOR = YES;
				GCC_WARN_UNINITIALIZED_AUTOS = YES_AGGRESSIVE;
				GCC_WARN_UNUSED_FUNCTION = YES;
				GCC_WARN_UNUSED_VARIABLE = YES;
				IPHONEOS_DEPLOYMENT_TARGET = 17.2;
				LOCALIZATION_PREFERS_STRING_CATALOGS = YES;
				MTL_ENABLE_DEBUG_INFO = NO;
				MTL_FAST_MATH = YES;
				SDKROOT = iphoneos;
				SWIFT_COMPILATION_MODE = wholemodule;
				VALIDATE_PRODUCT = YES;
			};
			name = Release;
		};
		17AA50F72B8E56CF000B9983 /* Debug */ = {
			isa = XCBuildConfiguration;
			buildSettings = {
				ASSETCATALOG_COMPILER_APPICON_NAME = AppIcon;
				ASSETCATALOG_COMPILER_GLOBAL_ACCENT_COLOR_NAME = AccentColor;
				CODE_SIGN_STYLE = Automatic;
				CURRENT_PROJECT_VERSION = 1;
				DEVELOPMENT_TEAM = G37F7HJP2B;
				GENERATE_INFOPLIST_FILE = YES;
				INFOPLIST_FILE = BottomDrawer/Info.plist;
				INFOPLIST_KEY_UIApplicationSupportsIndirectInputEvents = YES;
				INFOPLIST_KEY_UILaunchStoryboardName = LaunchScreen;
				INFOPLIST_KEY_UISupportedInterfaceOrientations_iPad = "UIInterfaceOrientationPortrait UIInterfaceOrientationPortraitUpsideDown UIInterfaceOrientationLandscapeLeft UIInterfaceOrientationLandscapeRight";
				INFOPLIST_KEY_UISupportedInterfaceOrientations_iPhone = "UIInterfaceOrientationPortrait UIInterfaceOrientationLandscapeLeft UIInterfaceOrientationLandscapeRight";
				LD_RUNPATH_SEARCH_PATHS = (
					"$(inherited)",
					"@executable_path/Frameworks",
				);
				MARKETING_VERSION = 1.0;
				PRODUCT_BUNDLE_IDENTIFIER = com.doremin.BottomDrawer;
				PRODUCT_NAME = "$(TARGET_NAME)";
				SWIFT_EMIT_LOC_STRINGS = YES;
				SWIFT_VERSION = 5.0;
				TARGETED_DEVICE_FAMILY = "1,2";
			};
			name = Debug;
		};
		17AA50F82B8E56CF000B9983 /* Release */ = {
			isa = XCBuildConfiguration;
			buildSettings = {
				ASSETCATALOG_COMPILER_APPICON_NAME = AppIcon;
				ASSETCATALOG_COMPILER_GLOBAL_ACCENT_COLOR_NAME = AccentColor;
				CODE_SIGN_STYLE = Automatic;
				CURRENT_PROJECT_VERSION = 1;
				DEVELOPMENT_TEAM = G37F7HJP2B;
				GENERATE_INFOPLIST_FILE = YES;
				INFOPLIST_FILE = BottomDrawer/Info.plist;
				INFOPLIST_KEY_UIApplicationSupportsIndirectInputEvents = YES;
				INFOPLIST_KEY_UILaunchStoryboardName = LaunchScreen;
				INFOPLIST_KEY_UISupportedInterfaceOrientations_iPad = "UIInterfaceOrientationPortrait UIInterfaceOrientationPortraitUpsideDown UIInterfaceOrientationLandscapeLeft UIInterfaceOrientationLandscapeRight";
				INFOPLIST_KEY_UISupportedInterfaceOrientations_iPhone = "UIInterfaceOrientationPortrait UIInterfaceOrientationLandscapeLeft UIInterfaceOrientationLandscapeRight";
				LD_RUNPATH_SEARCH_PATHS = (
					"$(inherited)",
					"@executable_path/Frameworks",
				);
				MARKETING_VERSION = 1.0;
				PRODUCT_BUNDLE_IDENTIFIER = com.doremin.BottomDrawer;
				PRODUCT_NAME = "$(TARGET_NAME)";
				SWIFT_EMIT_LOC_STRINGS = YES;
				SWIFT_VERSION = 5.0;
				TARGETED_DEVICE_FAMILY = "1,2";
			};
			name = Release;
		};
/* End XCBuildConfiguration section */

/* Begin XCConfigurationList section */
		17AA50E02B8E56CE000B9983 /* Build configuration list for PBXProject "BottomDrawer" */ = {
			isa = XCConfigurationList;
			buildConfigurations = (
				17AA50F42B8E56CF000B9983 /* Debug */,
				17AA50F52B8E56CF000B9983 /* Release */,
			);
			defaultConfigurationIsVisible = 0;
			defaultConfigurationName = Release;
		};
		17AA50F62B8E56CF000B9983 /* Build configuration list for PBXNativeTarget "BottomDrawer" */ = {
			isa = XCConfigurationList;
			buildConfigurations = (
				17AA50F72B8E56CF000B9983 /* Debug */,
				17AA50F82B8E56CF000B9983 /* Release */,
			);
			defaultConfigurationIsVisible = 0;
			defaultConfigurationName = Release;
		};
/* End XCConfigurationList section */
	};
	rootObject = 17AA50DD2B8E56CE000B9983 /* Project object */;
}
